
Microsoft Visual Studio Solution File, Format Version 12.00
# Visual Studio Version 17
VisualStudioVersion = 17.8.34511.84
MinimumVisualStudioVersion = 10.0.40219.1
Project("{FAE04EC0-301F-11D3-BF4B-00C04F79EFBC}") = "SystemImports.Api", "SystemImports.Api.csproj", "{16E691FD-9EEB-4301-87A2-045A0A75076B}"
EndProject
Global
	GlobalSection(SolutionConfigurationPlatforms) = preSolution
		Debug|Any CPU = Debug|Any CPU
		Release|Any CPU = Release|Any CPU
	EndGlobalSection
	GlobalSection(ProjectConfigurationPlatforms) = postSolution
		{16E691FD-9EEB-4301-87A2-045A0A75076B}.Debug|Any CPU.ActiveCfg = Debug|Any CPU
		{16E691FD-9EEB-4301-87A2-045A0A75076B}.Debug|Any CPU.Build.0 = Debug|Any CPU
		{16E691FD-9EEB-4301-87A2-045A0A75076B}.Release|Any CPU.ActiveCfg = Release|Any CPU
		{16E691FD-9EEB-4301-87A2-045A0A75076B}.Release|Any CPU.Build.0 = Release|Any CPU
	EndGlobalSection
	GlobalSection(SolutionProperties) = preSolution
		HideSolutionNode = FALSE
	EndGlobalSection
	GlobalSection(ExtensibilityGlobals) = postSolution
		SolutionGuid = {61070A7E-2200-4718-957E-287C154AC30E}
	EndGlobalSection
EndGlobal
